
Microsoft Visual Studio Solution File, Format Version 12.00
Project("{2150E333-8FDC-42A3-9474-1A3956D46DE8}") = "samples", "samples", "{2A7B35D5-F468-4130-9924-E5DD8DA35676}"
EndProject
Project("{2150E333-8FDC-42A3-9474-1A3956D46DE8}") = "src", "src", "{1178DED4-729D-4714-AF55-7CE9D283402B}"
EndProject
Project("{2150E333-8FDC-42A3-9474-1A3956D46DE8}") = "test", "test", "{CD1D9687-E3A9-4ACB-A25B-009D57F6A612}"
EndProject
Project("{FAE04EC0-301F-11D3-BF4B-00C04F79EFBC}") = "Dns", "src\Dns\Dns.csproj", "{A1F97E60-64EE-48C2-8AD5-7BAF47570EA5}"
EndProject
Project("{FAE04EC0-301F-11D3-BF4B-00C04F79EFBC}") = "StorageBrowserSample", "samples\StorageBrowserSample\StorageBrowserSample.csproj", "{6951D5B3-F799-49D8-9D7D-65D7FF10EEC0}"
EndProject
Project("{FAE04EC0-301F-11D3-BF4B-00C04F79EFBC}") = "IaaS", "src\IaaS\IaaS.csproj", "{6F4BB59B-5AEB-43EB-9CEC-E80A0AA96A2C}"
EndProject
Project("{FAE04EC0-301F-11D3-BF4B-00C04F79EFBC}") = "Storage", "src\Storage\Storage.csproj", "{49F00400-27FD-4DFD-B13F-B296A4684397}"
EndProject
Project("{FAE04EC0-301F-11D3-BF4B-00C04F79EFBC}") = "Cdn", "src\Cdn\Cdn.csproj", "{D3172E75-A1E2-4249-9139-2BC5EE05798A}"
EndProject
Project("{FAE04EC0-301F-11D3-BF4B-00C04F79EFBC}") = "Cdn.Tests", "test\Cdn.Tests\Cdn.Tests.csproj", "{17DA3A3E-BF64-41C8-9267-3CEE21E98C21}"
EndProject
Project("{FAE04EC0-301F-11D3-BF4B-00C04F79EFBC}") = "Dns.Tests", "test\Dns.Tests\Dns.Tests.csproj", "{8BA6F0A0-1A0D-409E-80F6-F33F19B37470}"
EndProject
Project("{FAE04EC0-301F-11D3-BF4B-00C04F79EFBC}") = "IaaS.Tests", "test\IaaS.Tests\IaaS.Tests.csproj", "{787BD133-3245-4363-98B1-E16E3788D933}"
EndProject
Project("{FAE04EC0-301F-11D3-BF4B-00C04F79EFBC}") = "Storage.Tests", "test\Storage.Tests\Storage.Tests.csproj", "{881CEBB2-DF62-4DF0-95EF-E2ED22705E7D}"
EndProject
Global
	GlobalSection(SolutionConfigurationPlatforms) = preSolution
		Debug|Any CPU = Debug|Any CPU
		Release|Any CPU = Release|Any CPU
	EndGlobalSection
	GlobalSection(ProjectConfigurationPlatforms) = postSolution
		{A1F97E60-64EE-48C2-8AD5-7BAF47570EA5}.Debug|Any CPU.ActiveCfg = Debug|Any CPU
		{A1F97E60-64EE-48C2-8AD5-7BAF47570EA5}.Debug|Any CPU.Build.0 = Debug|Any CPU
		{A1F97E60-64EE-48C2-8AD5-7BAF47570EA5}.Release|Any CPU.ActiveCfg = Release|Any CPU
		{A1F97E60-64EE-48C2-8AD5-7BAF47570EA5}.Release|Any CPU.Build.0 = Release|Any CPU
		{6951D5B3-F799-49D8-9D7D-65D7FF10EEC0}.Debug|Any CPU.ActiveCfg = Debug|Any CPU
		{6951D5B3-F799-49D8-9D7D-65D7FF10EEC0}.Debug|Any CPU.Build.0 = Debug|Any CPU
		{6951D5B3-F799-49D8-9D7D-65D7FF10EEC0}.Release|Any CPU.ActiveCfg = Release|Any CPU
		{6951D5B3-F799-49D8-9D7D-65D7FF10EEC0}.Release|Any CPU.Build.0 = Release|Any CPU
		{6F4BB59B-5AEB-43EB-9CEC-E80A0AA96A2C}.Debug|Any CPU.ActiveCfg = Debug|Any CPU
		{6F4BB59B-5AEB-43EB-9CEC-E80A0AA96A2C}.Debug|Any CPU.Build.0 = Debug|Any CPU
		{6F4BB59B-5AEB-43EB-9CEC-E80A0AA96A2C}.Release|Any CPU.ActiveCfg = Release|Any CPU
		{6F4BB59B-5AEB-43EB-9CEC-E80A0AA96A2C}.Release|Any CPU.Build.0 = Release|Any CPU
		{49F00400-27FD-4DFD-B13F-B296A4684397}.Debug|Any CPU.ActiveCfg = Debug|Any CPU
		{49F00400-27FD-4DFD-B13F-B296A4684397}.Debug|Any CPU.Build.0 = Debug|Any CPU
		{49F00400-27FD-4DFD-B13F-B296A4684397}.Release|Any CPU.ActiveCfg = Release|Any CPU
		{49F00400-27FD-4DFD-B13F-B296A4684397}.Release|Any CPU.Build.0 = Release|Any CPU
		{D3172E75-A1E2-4249-9139-2BC5EE05798A}.Debug|Any CPU.ActiveCfg = Debug|Any CPU
		{D3172E75-A1E2-4249-9139-2BC5EE05798A}.Debug|Any CPU.Build.0 = Debug|Any CPU
		{D3172E75-A1E2-4249-9139-2BC5EE05798A}.Release|Any CPU.ActiveCfg = Release|Any CPU
		{D3172E75-A1E2-4249-9139-2BC5EE05798A}.Release|Any CPU.Build.0 = Release|Any CPU
		{17DA3A3E-BF64-41C8-9267-3CEE21E98C21}.Debug|Any CPU.ActiveCfg = Debug|Any CPU
		{17DA3A3E-BF64-41C8-9267-3CEE21E98C21}.Debug|Any CPU.Build.0 = Debug|Any CPU
		{17DA3A3E-BF64-41C8-9267-3CEE21E98C21}.Release|Any CPU.ActiveCfg = Release|Any CPU
		{17DA3A3E-BF64-41C8-9267-3CEE21E98C21}.Release|Any CPU.Build.0 = Release|Any CPU
		{8BA6F0A0-1A0D-409E-80F6-F33F19B37470}.Debug|Any CPU.ActiveCfg = Debug|Any CPU
		{8BA6F0A0-1A0D-409E-80F6-F33F19B37470}.Debug|Any CPU.Build.0 = Debug|Any CPU
		{8BA6F0A0-1A0D-409E-80F6-F33F19B37470}.Release|Any CPU.ActiveCfg = Release|Any CPU
		{8BA6F0A0-1A0D-409E-80F6-F33F19B37470}.Release|Any CPU.Build.0 = Release|Any CPU
		{787BD133-3245-4363-98B1-E16E3788D933}.Debug|Any CPU.ActiveCfg = Debug|Any CPU
		{787BD133-3245-4363-98B1-E16E3788D933}.Debug|Any CPU.Build.0 = Debug|Any CPU
		{787BD133-3245-4363-98B1-E16E3788D933}.Release|Any CPU.ActiveCfg = Release|Any CPU
		{787BD133-3245-4363-98B1-E16E3788D933}.Release|Any CPU.Build.0 = Release|Any CPU
		{881CEBB2-DF62-4DF0-95EF-E2ED22705E7D}.Debug|Any CPU.ActiveCfg = Debug|Any CPU
		{881CEBB2-DF62-4DF0-95EF-E2ED22705E7D}.Debug|Any CPU.Build.0 = Debug|Any CPU
		{881CEBB2-DF62-4DF0-95EF-E2ED22705E7D}.Release|Any CPU.ActiveCfg = Release|Any CPU
		{881CEBB2-DF62-4DF0-95EF-E2ED22705E7D}.Release|Any CPU.Build.0 = Release|Any CPU
	EndGlobalSection
	GlobalSection(NestedProjects) = preSolution
		{A1F97E60-64EE-48C2-8AD5-7BAF47570EA5} = {1178DED4-729D-4714-AF55-7CE9D283402B}
		{6951D5B3-F799-49D8-9D7D-65D7FF10EEC0} = {2A7B35D5-F468-4130-9924-E5DD8DA35676}
		{6F4BB59B-5AEB-43EB-9CEC-E80A0AA96A2C} = {1178DED4-729D-4714-AF55-7CE9D283402B}
		{49F00400-27FD-4DFD-B13F-B296A4684397} = {1178DED4-729D-4714-AF55-7CE9D283402B}
		{D3172E75-A1E2-4249-9139-2BC5EE05798A} = {1178DED4-729D-4714-AF55-7CE9D283402B}
		{17DA3A3E-BF64-41C8-9267-3CEE21E98C21} = {CD1D9687-E3A9-4ACB-A25B-009D57F6A612}
		{8BA6F0A0-1A0D-409E-80F6-F33F19B37470} = {CD1D9687-E3A9-4ACB-A25B-009D57F6A612}
		{787BD133-3245-4363-98B1-E16E3788D933} = {CD1D9687-E3A9-4ACB-A25B-009D57F6A612}
		{881CEBB2-DF62-4DF0-95EF-E2ED22705E7D} = {CD1D9687-E3A9-4ACB-A25B-009D57F6A612}
	EndGlobalSection
EndGlobal
