
Microsoft Visual Studio Solution File, Format Version 12.00
Project("{2150E333-8FDC-42A3-9474-1A3956D46DE8}") = "samples", "samples", "{2A7B35D5-F468-4130-9924-E5DD8DA35676}"
EndProject
Project("{2150E333-8FDC-42A3-9474-1A3956D46DE8}") = "src", "src", "{1178DED4-729D-4714-AF55-7CE9D283402B}"
EndProject
Project("{2150E333-8FDC-42A3-9474-1A3956D46DE8}") = "test", "test", "{CD1D9687-E3A9-4ACB-A25B-009D57F6A612}"
EndProject
Project("{FAE04EC0-301F-11D3-BF4B-00C04F79EFBC}") = "StorageBrowserSample", "samples\StorageBrowserSample\StorageBrowserSample.csproj", "{6951D5B3-F799-49D8-9D7D-65D7FF10EEC0}"
EndProject
Project("{FAE04EC0-301F-11D3-BF4B-00C04F79EFBC}") = "Proxy", "src\Proxy\Proxy.csproj", "{F290B775-F321-46D4-855B-A5C312587695}"
EndProject
Project("{FAE04EC0-301F-11D3-BF4B-00C04F79EFBC}") = "Proxy.Tests", "test\Proxy.Tests\Proxy.Tests.csproj", "{AB672007-55FF-42DF-BE3C-6E8EB7D65E0B}"
EndProject
Global
	GlobalSection(SolutionConfigurationPlatforms) = preSolution
		Debug|Any CPU = Debug|Any CPU
		Release|Any CPU = Release|Any CPU
	EndGlobalSection
	GlobalSection(ProjectConfigurationPlatforms) = postSolution
		{6951D5B3-F799-49D8-9D7D-65D7FF10EEC0}.Debug|Any CPU.ActiveCfg = Debug|Any CPU
		{6951D5B3-F799-49D8-9D7D-65D7FF10EEC0}.Debug|Any CPU.Build.0 = Debug|Any CPU
		{6951D5B3-F799-49D8-9D7D-65D7FF10EEC0}.Release|Any CPU.ActiveCfg = Release|Any CPU
		{6951D5B3-F799-49D8-9D7D-65D7FF10EEC0}.Release|Any CPU.Build.0 = Release|Any CPU
		{F290B775-F321-46D4-855B-A5C312587695}.Debug|Any CPU.ActiveCfg = Debug|Any CPU
		{F290B775-F321-46D4-855B-A5C312587695}.Debug|Any CPU.Build.0 = Debug|Any CPU
		{F290B775-F321-46D4-855B-A5C312587695}.Release|Any CPU.ActiveCfg = Release|Any CPU
		{F290B775-F321-46D4-855B-A5C312587695}.Release|Any CPU.Build.0 = Release|Any CPU
		{AB672007-55FF-42DF-BE3C-6E8EB7D65E0B}.Debug|Any CPU.ActiveCfg = Debug|Any CPU
		{AB672007-55FF-42DF-BE3C-6E8EB7D65E0B}.Debug|Any CPU.Build.0 = Debug|Any CPU
		{AB672007-55FF-42DF-BE3C-6E8EB7D65E0B}.Release|Any CPU.ActiveCfg = Release|Any CPU
		{AB672007-55FF-42DF-BE3C-6E8EB7D65E0B}.Release|Any CPU.Build.0 = Release|Any CPU
	EndGlobalSection
	GlobalSection(NestedProjects) = preSolution
		{6951D5B3-F799-49D8-9D7D-65D7FF10EEC0} = {2A7B35D5-F468-4130-9924-E5DD8DA35676}
		{F290B775-F321-46D4-855B-A5C312587695} = {1178DED4-729D-4714-AF55-7CE9D283402B}
		{AB672007-55FF-42DF-BE3C-6E8EB7D65E0B} = {CD1D9687-E3A9-4ACB-A25B-009D57F6A612}
	EndGlobalSection
EndGlobal
